#MicroXplorer Configuration settings - do not modify
Mcu.Family=STM32G4
ProjectManager.MainLocation=Core/Src
FREERTOS.Queues01=IMUQ,1,IMU,0,Static,IMUQBuffer,IMUQControlBlock;PWMQ,1,PWM_CMD,0,Static,PWMQBuffer,PWMQControlBlock;CMDQ,1,PQR_CMD,0,Static,CMDQBuffer,CMDQControlBlock;MAGQ,1,MOTOR,0,Static,MAGQBuffer,MAGQControlBlock
PA6.Mode=Full_Duplex_Master
RCC.USART1Freq_Value=170000000
RCC.SAI1Freq_Value=170000000
USART2.IPParameters=VirtualMode-Asynchronous,WordLength
RCC.CortexFreq_Value=170000000
ProjectManager.KeepUserCode=true
Mcu.UserName=STM32G431KBTx
SPI1.VirtualType=VM_MASTER
Dma.USART1_RX.0.EventEnable=DISABLE
TIM1.IPParameters=Channel-PWM Generation1 CH1,Channel-PWM Generation2 CH2,Prescaler,PeriodNoDither
PA14.GPIO_Label=T_SWCLK
Dma.USART1_RX.0.SignalID=NONE
ProjectManager.functionlistsort=1-MX_GPIO_Init-GPIO-false-HAL-true,2-MX_DMA_Init-DMA-false-HAL-true,3-SystemClock_Config-RCC-false-HAL-false,4-MX_USART2_UART_Init-USART2-false-HAL-true,5-MX_I2C1_Init-I2C1-false-HAL-true,6-MX_SPI1_Init-SPI1-false-HAL-true,7-MX_USART1_UART_Init-USART1-false-HAL-true,8-MX_TIM1_Init-TIM1-false-HAL-true
PA9.GPIOParameters=GPIO_Label
PA3.GPIOParameters=GPIO_Label
RCC.USART2Freq_Value=170000000
SH.S_TIM1_CH1.ConfNb=1
USART1.IPParameters=VirtualMode-Asynchronous
PA2.GPIOParameters=GPIO_Label
PinOutPanel.RotationAngle=0
RCC.MCO1PinFreq_Value=16000000
RCC.SYSCLKSource=RCC_SYSCLKSOURCE_PLLCLK
ProjectManager.StackSize=0x400
VP_FREERTOS_VS_CMSIS_V2.Mode=CMSIS_V2
RCC.I2C3Freq_Value=170000000
RCC.LPTIM1Freq_Value=170000000
Mcu.IP4=RCC
RCC.FCLKCortexFreq_Value=170000000
Mcu.IP5=SPI1
Mcu.IP2=I2C1
I2C1.IPParameters=Timing
NVIC.SVCall_IRQn=true\:0\:0\:false\:false\:false\:false\:false\:false
Mcu.IP3=NVIC
Mcu.IP0=DMA
Mcu.IP1=FREERTOS
TIM1.Prescaler=170-1
Mcu.UserConstants=
Mcu.ThirdPartyNb=0
SPI1.Direction=SPI_DIRECTION_2LINES
RCC.HCLKFreq_Value=170000000
Mcu.IPNb=10
ProjectManager.PreviousToolchain=
RCC.APB2TimFreq_Value=170000000
PB6.Signal=USART1_TX
PB6.Mode=Asynchronous
SPI1.CalculateBaudRate=21.25 MBits/s
PA8.GPIOParameters=GPIO_Label
Mcu.Pin6=PA8
Mcu.Pin7=PA9
PB8-BOOT0.GPIOParameters=GPIO_Label
Mcu.Pin8=PA10
Mcu.Pin9=PA13
FREERTOS.IPParameters=Tasks01,FootprintOK,Queues01
RCC.AHBFreq_Value=170000000
Dma.USART1_RX.0.Priority=DMA_PRIORITY_LOW
Mcu.Pin0=PA2
Mcu.Pin1=PA3
GPIO.groupedBy=Group By Peripherals
Mcu.Pin2=PA4
Mcu.Pin3=PA5
RCC.USART3Freq_Value=170000000
Mcu.Pin4=PA6
Mcu.Pin5=PA7
ProjectManager.ProjectBuild=false
RCC.HSE_VALUE=8000000
NVIC.UsageFault_IRQn=true\:0\:0\:false\:false\:true\:false\:false\:false
NVIC.DebugMonitor_IRQn=true\:0\:0\:false\:false\:true\:false\:false\:false
PA8.Locked=true
PA4.Locked=true
USART2.VirtualMode-Asynchronous=VM_ASYNC
PA15.Mode=I2C
NVIC.SysTick_IRQn=true\:15\:0\:false\:false\:false\:true\:false\:true
RCC.ADC12Freq_Value=170000000
ProjectManager.FirmwarePackage=STM32Cube FW_G4 V1.4.0
MxDb.Version=DB.6.0.20
ProjectManager.BackupPrevious=false
RCC.VCOInputFreq_Value=4000000
TIM1.Channel-PWM\ Generation1\ CH1=TIM_CHANNEL_1
VP_SYS_VS_tim2.Signal=SYS_VS_tim2
PA14.Mode=Serial_Wire
NVIC.TIM2_IRQn=true\:0\:0\:false\:false\:true\:false\:false\:true
SPI1.DataSize=SPI_DATASIZE_16BIT
File.Version=6
PA10.GPIO_Label=Spektrum
Dma.USART1_RX.0.SyncEnable=DISABLE
VP_SYS_VS_DBSignals.Mode=DisableDeadBatterySignals
PB7.Signal=I2C1_SDA
PA8.Signal=S_TIM1_CH1
RCC.PLLRCLKFreq_Value=170000000
PB6.Locked=true
NVIC.PendSV_IRQn=true\:15\:0\:false\:false\:false\:true\:false\:false
Dma.USART1_RX.0.MemInc=DMA_MINC_ENABLE
Dma.RequestsNb=1
ProjectManager.HalAssertFull=false
RCC.CRSFreq_Value=48000000
ProjectManager.ProjectName=SwashplatelessHeli_noRTOS
PA13.GPIOParameters=GPIO_Label
Mcu.Package=LQFP32
VP_SYS_VS_tim2.Mode=TIM2
PA6.Signal=SPI1_MISO
NVIC.TimeBase=TIM2_IRQn
PA14.Locked=true
ProjectManager.ToolChainLocation=
PA2.GPIO_Label=USART2_TX [ST-LINKV3E_VCP_RX]
RCC.LSI_VALUE=32000
Dma.USART1_RX.0.RequestParameters=Instance,Direction,PeriphInc,MemInc,PeriphDataAlignment,MemDataAlignment,Mode,Priority,SignalID,Polarity,RequestNumber,SyncSignalID,SyncPolarity,SyncEnable,EventEnable,SyncRequestNumber
NVIC.TimeBaseIP=TIM2
RCC.LSCOPinFreq_Value=32000
PA10.Signal=USART1_RX
FREERTOS.FootprintOK=true
PA15.Signal=I2C1_SCL
PB8-BOOT0.GPIO_Label=LD2 [green]
USART2.WordLength=WORDLENGTH_8B
RCC.PLLPoutputFreq_Value=170000000
RCC.APB1TimFreq_Value=170000000
NVIC.BusFault_IRQn=true\:0\:0\:false\:false\:true\:false\:false\:false
Dma.USART1_RX.0.Mode=DMA_CIRCULAR
RCC.LPUART1Freq_Value=170000000
Dma.Request0=USART1_RX
SPI1.BaudRatePrescaler=SPI_BAUDRATEPRESCALER_8
PA4.GPIO_Label=SPI1_CS
Dma.USART1_RX.0.Instance=DMA1_Channel1
ProjectManager.CustomerFirmwarePackage=
RCC.HSI48_VALUE=48000000
PA3.Signal=USART2_RX
PA5.Mode=Full_Duplex_Master
PA2.Locked=true
RCC.I2SFreq_Value=170000000
RCC.PLLQoutputFreq_Value=170000000
ProjectManager.ProjectFileName=SwashplatelessHeli_noRTOS.ioc
FREERTOS.Tasks01=RC,24,128,StartRC,Default,NULL,Static,RCBuffer,RCControlBlock;IMU,24,128,StartIMU,Default,NULL,Static,IMUBuffer,IMUControlBlock;CyclicPitch,24,128,StartCyclicPitch,Default,NULL,Static,CyclicPitchBuffer,CyclicPitchControlBlock;MainLoop,24,128,StartMainLoop,Default,NULL,Static,MainLoopBuffer,MainLoopControlBlock;MAG,8,128,StartMAG,Default,NULL,Static,MAGBuffer,MAGControlBlock
PA7.Mode=Full_Duplex_Master
Dma.USART1_RX.0.PeriphDataAlignment=DMA_PDATAALIGN_BYTE
Mcu.PinsNb=18
PA10.Mode=Asynchronous
ProjectManager.NoMain=false
SPI1.IPParameters=VirtualType,Mode,Direction,BaudRatePrescaler,CalculateBaudRate,DataSize,CLKPhase
NVIC.SavedSvcallIrqHandlerGenerated=true
PA9.GPIO_Label=TAIL
RCC.EXTERNAL_CLOCK_VALUE=12288000
ProjectManager.DefaultFWLocation=true
SPI1.CLKPhase=SPI_PHASE_2EDGE
ProjectManager.DeletePrevious=true
boardIOC=true
Dma.USART1_RX.0.RequestNumber=1
Dma.USART1_RX.0.Polarity=HAL_DMAMUX_REQ_GEN_RISING
RCC.FamilyName=M
PB8-BOOT0.Locked=true
USART1.VirtualMode-Asynchronous=VM_ASYNC
PA13.Signal=SYS_JTMS-SWDIO
PA3.Mode=Asynchronous
PA8.GPIO_Label=MAIN
SH.S_TIM1_CH1.0=TIM1_CH1,PWM Generation1 CH1
ProjectManager.TargetToolchain=STM32CubeIDE
Dma.USART1_RX.0.SyncRequestNumber=1
Dma.USART1_RX.0.Direction=DMA_PERIPH_TO_MEMORY
PA9.Signal=S_TIM1_CH2
TIM1.Channel-PWM\ Generation2\ CH2=TIM_CHANNEL_2
I2C1.Timing=0x30A0A7FB
ProjectManager.RegisterCallBack=
RCC.USBFreq_Value=170000000
RCC.LSE_VALUE=32768
Dma.USART1_RX.0.PeriphInc=DMA_PINC_DISABLE
SH.S_TIM1_CH2.ConfNb=1
PA5.Signal=SPI1_SCK
PB8-BOOT0.Signal=GPIO_Output
board=NUCLEO-G431KB
RCC.VCOOutputFreq_Value=340000000
ProjectManager.LastFirmware=true
NVIC.SavedSystickIrqHandlerGenerated=true
RCC.APB2Freq_Value=170000000
RCC.UART4Freq_Value=170000000
MxCube.Version=6.2.0
SH.S_TIM1_CH2.0=TIM1_CH2,PWM Generation2 CH2
RCC.I2C1Freq_Value=170000000
SPI1.Mode=SPI_MODE_MASTER
VP_SYS_VS_DBSignals.Signal=SYS_VS_DBSignals
RCC.FDCANFreq_Value=170000000
RCC.RNGFreq_Value=170000000
PA10.GPIOParameters=GPIO_Label
Dma.USART1_RX.0.MemDataAlignment=DMA_MDATAALIGN_BYTE
PA9.Locked=true
NVIC.NonMaskableInt_IRQn=true\:0\:0\:false\:false\:true\:false\:false\:false
PA4.GPIOParameters=GPIO_Label
Dma.USART1_RX.0.SyncPolarity=HAL_DMAMUX_SYNC_NO_EVENT
PA13.Mode=Serial_Wire
ProjectManager.FreePins=false
RCC.IPParameters=ADC12Freq_Value,AHBFreq_Value,APB1Freq_Value,APB1TimFreq_Value,APB2Freq_Value,APB2TimFreq_Value,CRSFreq_Value,CortexFreq_Value,EXTERNAL_CLOCK_VALUE,FCLKCortexFreq_Value,FDCANFreq_Value,FamilyName,HCLKFreq_Value,HSE_VALUE,HSI48_VALUE,HSI_VALUE,I2C1Freq_Value,I2C2Freq_Value,I2C3Freq_Value,I2SFreq_Value,LPTIM1Freq_Value,LPUART1Freq_Value,LSCOPinFreq_Value,LSE_VALUE,LSI_VALUE,MCO1PinFreq_Value,PLLM,PLLN,PLLPoutputFreq_Value,PLLQoutputFreq_Value,PLLRCLKFreq_Value,PWRFreq_Value,RNGFreq_Value,SAI1Freq_Value,SYSCLKFreq_VALUE,SYSCLKSource,UART4Freq_Value,USART1Freq_Value,USART2Freq_Value,USART3Freq_Value,USBFreq_Value,VCOInputFreq_Value,VCOOutputFreq_Value
ProjectManager.AskForMigrate=true
Mcu.Name=STM32G431K(6-8-B)Tx
Dma.USART1_RX.0.SyncSignalID=NONE
NVIC.SavedPendsvIrqHandlerGenerated=true
PA13.GPIO_Label=T_SWDIO
PA2.Signal=USART2_TX
ProjectManager.UnderRoot=true
Mcu.IP8=USART1
VP_FREERTOS_VS_CMSIS_V2.Signal=FREERTOS_VS_CMSIS_V2
Mcu.IP9=USART2
Mcu.IP6=SYS
Mcu.IP7=TIM1
ProjectManager.CoupleFile=false
PA4.Signal=GPIO_Output
RCC.SYSCLKFreq_VALUE=170000000
PA3.Locked=true
NVIC.ForceEnableDMAVector=true
KeepUserPlacement=false
PA14.GPIOParameters=GPIO_Label
NVIC.MemoryManagement_IRQn=true\:0\:0\:false\:false\:true\:false\:false\:false
PA13.Locked=true
ProjectManager.CompilerOptimize=6
PB7.Mode=I2C
PA14.Signal=SYS_JTCK-SWCLK
ProjectManager.HeapSize=0x200
Mcu.Pin15=VP_FREERTOS_VS_CMSIS_V2
NVIC.HardFault_IRQn=true\:0\:0\:false\:false\:true\:false\:false\:false
Mcu.Pin16=VP_SYS_VS_tim2
Mcu.Pin13=PB7
Mcu.Pin14=PB8-BOOT0
ProjectManager.ComputerToolchain=false
Mcu.Pin17=VP_SYS_VS_DBSignals
RCC.HSI_VALUE=16000000
NVIC.PriorityGroup=NVIC_PRIORITYGROUP_4
Mcu.Pin11=PA15
Mcu.Pin12=PB6
RCC.PLLM=RCC_PLLM_DIV4
RCC.PLLN=85
Mcu.Pin10=PA14
PA2.Mode=Asynchronous
RCC.PWRFreq_Value=170000000
NVIC.DMA1_Channel1_IRQn=true\:5\:0\:false\:false\:true\:true\:false\:true
RCC.I2C2Freq_Value=170000000
RCC.APB1Freq_Value=170000000
ProjectManager.DeviceId=STM32G431KBTx
ProjectManager.LibraryCopy=1
TIM1.PeriodNoDither=2500-1
PA3.GPIO_Label=USART2_RX [ST-LINKV3E_VCP_TX]
PA7.Signal=SPI1_MOSI
isbadioc=false
